
Microsoft Visual Studio Solution File, Format Version 12.00
# Visual Studio Version 17
VisualStudioVersion = 17.3.32922.545
MinimumVisualStudioVersion = 10.0.40219.1
Project("{FAE04EC0-301F-11D3-BF4B-00C04F79EFBC}") = "OpenDataViewer", "OpenDataViewer\OpenDataViewer.csproj", "{A9DFA98C-2A29-474A-9D04-729A55231164}"
EndProject
Global
	GlobalSection(SolutionConfigurationPlatforms) = preSolution
		Debug|Any CPU = Debug|Any CPU
		Release|Any CPU = Release|Any CPU
	EndGlobalSection
	GlobalSection(ProjectConfigurationPlatforms) = postSolution
		{A9DFA98C-2A29-474A-9D04-729A55231164}.Debug|Any CPU.ActiveCfg = Debug|Any CPU
		{A9DFA98C-2A29-474A-9D04-729A55231164}.Debug|Any CPU.Build.0 = Debug|Any CPU
		{A9DFA98C-2A29-474A-9D04-729A55231164}.Release|Any CPU.ActiveCfg = Release|Any CPU
		{A9DFA98C-2A29-474A-9D04-729A55231164}.Release|Any CPU.Build.0 = Release|Any CPU
	EndGlobalSection
	GlobalSection(SolutionProperties) = preSolution
		HideSolutionNode = FALSE
	EndGlobalSection
	GlobalSection(ExtensibilityGlobals) = postSolution
		SolutionGuid = {228FC90D-EC69-4FC4-8EC0-3151E346C9DC}
	EndGlobalSection
EndGlobal
